{
  "version": 4,
  "terraform_version": "1.3.6",
  "serial": 21,
  "lineage": "002ae008-847b-305e-3b2a-b1333f96c580",
  "outputs": {
    "example": {
      "value": "test",
      "type": "string"
    },
    "example2": {
      "value": "test",
      "type": "string"
    },
    "example_list": {
      "value": [
        "test"
      ],
      "type": [
        "list",
        "string"
      ]
    },
    "example_map": {
      "value": {
        "expected": "test"
      },
      "type": [
        "map",
        "string"
      ]
    }
  },
  "resources": [
    {
      "mode": "managed",
      "type": "local_file",
      "name": "example",
      "provider": "provider[\"registry.terraform.io/hashicorp/local\"]",
      "instances": [
        {
          "schema_version": 0,
          "attributes": {
            "content": "test + test",
            "content_base64": null,
            "directory_permission": "0777",
            "file_permission": "0777",
            "filename": "example.txt",
            "id": "91dce2a64ab5d2abaeb58e8acbbdc71257ef5e3a",
            "sensitive_content": null,
            "source": null
          },
          "sensitive_attributes": [],
          "private": "bnVsbA=="
        }
      ]
    },
    {
      "mode": "managed",
      "type": "local_file",
      "name": "example2",
      "provider": "provider[\"registry.terraform.io/hashicorp/local\"]",
      "instances": [
        {
          "schema_version": 0,
          "attributes": {
            "content": "test",
            "content_base64": null,
            "directory_permission": "0777",
            "file_permission": "0777",
            "filename": "example2.txt",
            "id": "a94a8fe5ccb19ba61c4c0873d391e987982fbbd3",
            "sensitive_content": null,
            "source": null
          },
          "sensitive_attributes": [],
          "private": "bnVsbA=="
        }
      ]
    }
  ],
  "check_results": null
}
